
Microsoft Visual Studio Solution File, Format Version 12.00
# Visual Studio Version 16
VisualStudioVersion = 16.0.30225.117
MinimumVisualStudioVersion = 10.0.40219.1
Project("{9092AA53-FB77-4645-B42D-1CCCA6BD08BD}") = "DiscordServerManager", "DiscordServerManager\DiscordServerManager.njsproj", "{2DA4680C-B2C0-4CE6-B3C2-9B3E361267D2}"
EndProject
Global
	GlobalSection(SolutionConfigurationPlatforms) = preSolution
		Debug|Any CPU = Debug|Any CPU
		Release|Any CPU = Release|Any CPU
	EndGlobalSection
	GlobalSection(ProjectConfigurationPlatforms) = postSolution
		{2DA4680C-B2C0-4CE6-B3C2-9B3E361267D2}.Debug|Any CPU.ActiveCfg = Debug|Any CPU
		{2DA4680C-B2C0-4CE6-B3C2-9B3E361267D2}.Debug|Any CPU.Build.0 = Debug|Any CPU
		{2DA4680C-B2C0-4CE6-B3C2-9B3E361267D2}.Release|Any CPU.ActiveCfg = Release|Any CPU
		{2DA4680C-B2C0-4CE6-B3C2-9B3E361267D2}.Release|Any CPU.Build.0 = Release|Any CPU
	EndGlobalSection
	GlobalSection(SolutionProperties) = preSolution
		HideSolutionNode = FALSE
	EndGlobalSection
	GlobalSection(ExtensibilityGlobals) = postSolution
		SolutionGuid = {EAEB5172-0C2B-4145-8E29-C46C2CF61EA5}
	EndGlobalSection
EndGlobal
